
Microsoft Visual Studio Solution File, Format Version 12.00
# Visual Studio Version 17
VisualStudioVersion = 17.0.31903.59
MinimumVisualStudioVersion = 10.0.40219.1
Project("{2150E333-8FDC-42A3-9474-1A3956D46DE8}") = "src", "src", "{F515BCB1-61C4-4461-8232-588340440D67}"
EndProject
Project("{FAE04EC0-301F-11D3-BF4B-00C04F79EFBC}") = "TechTrek.Domain", "src\TechTrek.Domain\TechTrek.Domain.csproj", "{08A69546-FE20-4EB3-864C-342D14064A9D}"
EndProject
Project("{FAE04EC0-301F-11D3-BF4B-00C04F79EFBC}") = "TechTrek.Shared", "src\TechTrek.Shared\TechTrek.Shared.csproj", "{3FDF3A85-DBB6-495F-B398-6494AF2612B4}"
EndProject
Project("{FAE04EC0-301F-11D3-BF4B-00C04F79EFBC}") = "TechTrek.Contracts", "src\TechTrek.Contracts\TechTrek.Contracts.csproj", "{E3985D2F-8AB0-4FE1-B55F-25F92D5E7AD2}"
EndProject
Project("{FAE04EC0-301F-11D3-BF4B-00C04F79EFBC}") = "TechTrek.Application", "src\TechTrek.Application\TechTrek.Application.csproj", "{4FD20769-95F5-42C4-8756-83D2934EBD34}"
EndProject
Project("{FAE04EC0-301F-11D3-BF4B-00C04F79EFBC}") = "TechTrek.Persistence", "src\TechTrek.Persistence\TechTrek.Persistence.csproj", "{A6964FBE-211B-441E-9FE0-2EDB4365192E}"
EndProject
Project("{FAE04EC0-301F-11D3-BF4B-00C04F79EFBC}") = "TechTrek.Security", "src\TechTrek.Security\TechTrek.Security.csproj", "{B57FDDE9-C7DE-4F71-98C4-4991A73CE3F8}"
EndProject
Project("{FAE04EC0-301F-11D3-BF4B-00C04F79EFBC}") = "TechTrek.Identity", "src\TechTrek.Identity\TechTrek.Identity.csproj", "{92F9B5CF-3019-4D53-90F3-C877243723B4}"
EndProject
Project("{FAE04EC0-301F-11D3-BF4B-00C04F79EFBC}") = "TechTrek.Infrastructure", "src\TechTrek.Infrastructure\TechTrek.Infrastructure.csproj", "{6360A644-C4A6-403F-842C-DAA56B9ABCA7}"
EndProject
Project("{FAE04EC0-301F-11D3-BF4B-00C04F79EFBC}") = "TechTrek.Realtime", "src\TechTrek.Realtime\TechTrek.Realtime.csproj", "{952072C7-C7C2-4AD7-8A6D-0AF5327E3DA4}"
EndProject
Project("{FAE04EC0-301F-11D3-BF4B-00C04F79EFBC}") = "TechTrek.Integrations", "src\TechTrek.Integrations\TechTrek.Integrations.csproj", "{7800F475-6AF6-499D-BA5D-E78DEB963216}"
EndProject
Project("{FAE04EC0-301F-11D3-BF4B-00C04F79EFBC}") = "TechTrek.Messaging", "src\TechTrek.Messaging\TechTrek.Messaging.csproj", "{32D7D55F-287B-498D-BA9F-893EF2344216}"
EndProject
Project("{FAE04EC0-301F-11D3-BF4B-00C04F79EFBC}") = "TechTrek.Api", "src\TechTrek.Api\TechTrek.Api.csproj", "{406AF799-84BA-4371-A9B5-1DEF7D2E85CB}"
EndProject
Project("{FAE04EC0-301F-11D3-BF4B-00C04F79EFBC}") = "TechTrek.Tests", "src\TechTrek.Tests\TechTrek.Tests.csproj", "{50C190BC-96AC-4C23-AB33-7A4959908542}"
EndProject
Global
	GlobalSection(SolutionConfigurationPlatforms) = preSolution
		Debug|Any CPU = Debug|Any CPU
		Release|Any CPU = Release|Any CPU
	EndGlobalSection
	GlobalSection(SolutionProperties) = preSolution
		HideSolutionNode = FALSE
	EndGlobalSection
	GlobalSection(ProjectConfigurationPlatforms) = postSolution
		{08A69546-FE20-4EB3-864C-342D14064A9D}.Debug|Any CPU.ActiveCfg = Debug|Any CPU
		{08A69546-FE20-4EB3-864C-342D14064A9D}.Debug|Any CPU.Build.0 = Debug|Any CPU
		{08A69546-FE20-4EB3-864C-342D14064A9D}.Release|Any CPU.ActiveCfg = Release|Any CPU
		{08A69546-FE20-4EB3-864C-342D14064A9D}.Release|Any CPU.Build.0 = Release|Any CPU
		{3FDF3A85-DBB6-495F-B398-6494AF2612B4}.Debug|Any CPU.ActiveCfg = Debug|Any CPU
		{3FDF3A85-DBB6-495F-B398-6494AF2612B4}.Debug|Any CPU.Build.0 = Debug|Any CPU
		{3FDF3A85-DBB6-495F-B398-6494AF2612B4}.Release|Any CPU.ActiveCfg = Release|Any CPU
		{3FDF3A85-DBB6-495F-B398-6494AF2612B4}.Release|Any CPU.Build.0 = Release|Any CPU
		{E3985D2F-8AB0-4FE1-B55F-25F92D5E7AD2}.Debug|Any CPU.ActiveCfg = Debug|Any CPU
		{E3985D2F-8AB0-4FE1-B55F-25F92D5E7AD2}.Debug|Any CPU.Build.0 = Debug|Any CPU
		{E3985D2F-8AB0-4FE1-B55F-25F92D5E7AD2}.Release|Any CPU.ActiveCfg = Release|Any CPU
		{E3985D2F-8AB0-4FE1-B55F-25F92D5E7AD2}.Release|Any CPU.Build.0 = Release|Any CPU
		{4FD20769-95F5-42C4-8756-83D2934EBD34}.Debug|Any CPU.ActiveCfg = Debug|Any CPU
		{4FD20769-95F5-42C4-8756-83D2934EBD34}.Debug|Any CPU.Build.0 = Debug|Any CPU
		{4FD20769-95F5-42C4-8756-83D2934EBD34}.Release|Any CPU.ActiveCfg = Release|Any CPU
		{4FD20769-95F5-42C4-8756-83D2934EBD34}.Release|Any CPU.Build.0 = Release|Any CPU
		{A6964FBE-211B-441E-9FE0-2EDB4365192E}.Debug|Any CPU.ActiveCfg = Debug|Any CPU
		{A6964FBE-211B-441E-9FE0-2EDB4365192E}.Debug|Any CPU.Build.0 = Debug|Any CPU
		{A6964FBE-211B-441E-9FE0-2EDB4365192E}.Release|Any CPU.ActiveCfg = Release|Any CPU
		{A6964FBE-211B-441E-9FE0-2EDB4365192E}.Release|Any CPU.Build.0 = Release|Any CPU
		{B57FDDE9-C7DE-4F71-98C4-4991A73CE3F8}.Debug|Any CPU.ActiveCfg = Debug|Any CPU
		{B57FDDE9-C7DE-4F71-98C4-4991A73CE3F8}.Debug|Any CPU.Build.0 = Debug|Any CPU
		{B57FDDE9-C7DE-4F71-98C4-4991A73CE3F8}.Release|Any CPU.ActiveCfg = Release|Any CPU
		{B57FDDE9-C7DE-4F71-98C4-4991A73CE3F8}.Release|Any CPU.Build.0 = Release|Any CPU
		{92F9B5CF-3019-4D53-90F3-C877243723B4}.Debug|Any CPU.ActiveCfg = Debug|Any CPU
		{92F9B5CF-3019-4D53-90F3-C877243723B4}.Debug|Any CPU.Build.0 = Debug|Any CPU
		{92F9B5CF-3019-4D53-90F3-C877243723B4}.Release|Any CPU.ActiveCfg = Release|Any CPU
		{92F9B5CF-3019-4D53-90F3-C877243723B4}.Release|Any CPU.Build.0 = Release|Any CPU
		{6360A644-C4A6-403F-842C-DAA56B9ABCA7}.Debug|Any CPU.ActiveCfg = Debug|Any CPU
		{6360A644-C4A6-403F-842C-DAA56B9ABCA7}.Debug|Any CPU.Build.0 = Debug|Any CPU
		{6360A644-C4A6-403F-842C-DAA56B9ABCA7}.Release|Any CPU.ActiveCfg = Release|Any CPU
		{6360A644-C4A6-403F-842C-DAA56B9ABCA7}.Release|Any CPU.Build.0 = Release|Any CPU
		{952072C7-C7C2-4AD7-8A6D-0AF5327E3DA4}.Debug|Any CPU.ActiveCfg = Debug|Any CPU
		{952072C7-C7C2-4AD7-8A6D-0AF5327E3DA4}.Debug|Any CPU.Build.0 = Debug|Any CPU
		{952072C7-C7C2-4AD7-8A6D-0AF5327E3DA4}.Release|Any CPU.ActiveCfg = Release|Any CPU
		{952072C7-C7C2-4AD7-8A6D-0AF5327E3DA4}.Release|Any CPU.Build.0 = Release|Any CPU
		{7800F475-6AF6-499D-BA5D-E78DEB963216}.Debug|Any CPU.ActiveCfg = Debug|Any CPU
		{7800F475-6AF6-499D-BA5D-E78DEB963216}.Debug|Any CPU.Build.0 = Debug|Any CPU
		{7800F475-6AF6-499D-BA5D-E78DEB963216}.Release|Any CPU.ActiveCfg = Release|Any CPU
		{7800F475-6AF6-499D-BA5D-E78DEB963216}.Release|Any CPU.Build.0 = Release|Any CPU
		{32D7D55F-287B-498D-BA9F-893EF2344216}.Debug|Any CPU.ActiveCfg = Debug|Any CPU
		{32D7D55F-287B-498D-BA9F-893EF2344216}.Debug|Any CPU.Build.0 = Debug|Any CPU
		{32D7D55F-287B-498D-BA9F-893EF2344216}.Release|Any CPU.ActiveCfg = Release|Any CPU
		{32D7D55F-287B-498D-BA9F-893EF2344216}.Release|Any CPU.Build.0 = Release|Any CPU
		{406AF799-84BA-4371-A9B5-1DEF7D2E85CB}.Debug|Any CPU.ActiveCfg = Debug|Any CPU
		{406AF799-84BA-4371-A9B5-1DEF7D2E85CB}.Debug|Any CPU.Build.0 = Debug|Any CPU
		{406AF799-84BA-4371-A9B5-1DEF7D2E85CB}.Release|Any CPU.ActiveCfg = Release|Any CPU
		{406AF799-84BA-4371-A9B5-1DEF7D2E85CB}.Release|Any CPU.Build.0 = Release|Any CPU
		{50C190BC-96AC-4C23-AB33-7A4959908542}.Debug|Any CPU.ActiveCfg = Debug|Any CPU
		{50C190BC-96AC-4C23-AB33-7A4959908542}.Debug|Any CPU.Build.0 = Debug|Any CPU
		{50C190BC-96AC-4C23-AB33-7A4959908542}.Release|Any CPU.ActiveCfg = Release|Any CPU
		{50C190BC-96AC-4C23-AB33-7A4959908542}.Release|Any CPU.Build.0 = Release|Any CPU
	EndGlobalSection
	GlobalSection(NestedProjects) = preSolution
		{08A69546-FE20-4EB3-864C-342D14064A9D} = {F515BCB1-61C4-4461-8232-588340440D67}
		{3FDF3A85-DBB6-495F-B398-6494AF2612B4} = {F515BCB1-61C4-4461-8232-588340440D67}
		{E3985D2F-8AB0-4FE1-B55F-25F92D5E7AD2} = {F515BCB1-61C4-4461-8232-588340440D67}
		{4FD20769-95F5-42C4-8756-83D2934EBD34} = {F515BCB1-61C4-4461-8232-588340440D67}
		{A6964FBE-211B-441E-9FE0-2EDB4365192E} = {F515BCB1-61C4-4461-8232-588340440D67}
		{B57FDDE9-C7DE-4F71-98C4-4991A73CE3F8} = {F515BCB1-61C4-4461-8232-588340440D67}
		{92F9B5CF-3019-4D53-90F3-C877243723B4} = {F515BCB1-61C4-4461-8232-588340440D67}
		{6360A644-C4A6-403F-842C-DAA56B9ABCA7} = {F515BCB1-61C4-4461-8232-588340440D67}
		{952072C7-C7C2-4AD7-8A6D-0AF5327E3DA4} = {F515BCB1-61C4-4461-8232-588340440D67}
		{7800F475-6AF6-499D-BA5D-E78DEB963216} = {F515BCB1-61C4-4461-8232-588340440D67}
		{32D7D55F-287B-498D-BA9F-893EF2344216} = {F515BCB1-61C4-4461-8232-588340440D67}
		{406AF799-84BA-4371-A9B5-1DEF7D2E85CB} = {F515BCB1-61C4-4461-8232-588340440D67}
		{50C190BC-96AC-4C23-AB33-7A4959908542} = {F515BCB1-61C4-4461-8232-588340440D67}
	EndGlobalSection
EndGlobal
